
Microsoft Visual Studio Solution File, Format Version 12.00
# Visual Studio Version 17
VisualStudioVersion = 17.5.33502.453
MinimumVisualStudioVersion = 10.0.40219.1
Project("{FAE04EC0-301F-11D3-BF4B-00C04F79EFBC}") = "Avionika_Si", "Avionika_Si\Avionika_Si.csproj", "{F7EEF65C-F393-4C8E-A25B-12C5B5AD289E}"
EndProject
Project("{FAE04EC0-301F-11D3-BF4B-00C04F79EFBC}") = "LoggerNetFramework", "FileLoggerNetFramework\LoggerNetFramework.csproj", "{4F099882-FFF9-457B-B26D-983FD35220ED}"
EndProject
Project("{FAE04EC0-301F-11D3-BF4B-00C04F79EFBC}") = "DataBaseAdapterNetFramework", "DataBaseAdapterNetFramework\DataBaseAdapterNetFramework.csproj", "{67AC340B-7579-47C6-B38F-15D809147414}"
EndProject
Global
	GlobalSection(SolutionConfigurationPlatforms) = preSolution
		Debug|Any CPU = Debug|Any CPU
		Release|Any CPU = Release|Any CPU
	EndGlobalSection
	GlobalSection(ProjectConfigurationPlatforms) = postSolution
		{F7EEF65C-F393-4C8E-A25B-12C5B5AD289E}.Debug|Any CPU.ActiveCfg = Debug|Any CPU
		{F7EEF65C-F393-4C8E-A25B-12C5B5AD289E}.Debug|Any CPU.Build.0 = Debug|Any CPU
		{F7EEF65C-F393-4C8E-A25B-12C5B5AD289E}.Release|Any CPU.ActiveCfg = Release|Any CPU
		{F7EEF65C-F393-4C8E-A25B-12C5B5AD289E}.Release|Any CPU.Build.0 = Release|Any CPU
		{4F099882-FFF9-457B-B26D-983FD35220ED}.Debug|Any CPU.ActiveCfg = Debug|Any CPU
		{4F099882-FFF9-457B-B26D-983FD35220ED}.Debug|Any CPU.Build.0 = Debug|Any CPU
		{4F099882-FFF9-457B-B26D-983FD35220ED}.Release|Any CPU.ActiveCfg = Release|Any CPU
		{4F099882-FFF9-457B-B26D-983FD35220ED}.Release|Any CPU.Build.0 = Release|Any CPU
		{67AC340B-7579-47C6-B38F-15D809147414}.Debug|Any CPU.ActiveCfg = Debug|Any CPU
		{67AC340B-7579-47C6-B38F-15D809147414}.Debug|Any CPU.Build.0 = Debug|Any CPU
		{67AC340B-7579-47C6-B38F-15D809147414}.Release|Any CPU.ActiveCfg = Release|Any CPU
		{67AC340B-7579-47C6-B38F-15D809147414}.Release|Any CPU.Build.0 = Release|Any CPU
	EndGlobalSection
	GlobalSection(SolutionProperties) = preSolution
		HideSolutionNode = FALSE
	EndGlobalSection
	GlobalSection(ExtensibilityGlobals) = postSolution
		SolutionGuid = {5F2BF887-CBA3-42D8-BC9C-2F052FF61271}
	EndGlobalSection
EndGlobal
